
Microsoft Visual Studio Solution File, Format Version 12.00
# Visual Studio 15
VisualStudioVersion = 15.0.26124.0
MinimumVisualStudioVersion = 15.0.26124.0
Project("{2150E333-8FDC-42A3-9474-1A3956D46DE8}") = "src", "src", "{3D7D80A0-843C-4DD3-9AD7-14F25633FD4D}"
EndProject
Project("{F2A71F9B-5D33-465A-A702-920D77279786}") = "GlobalPollenProject.Core", "src\GlobalPollenProject.Core\GlobalPollenProject.Core.fsproj", "{2973DE64-89A4-4970-B088-AEF2C3AFB761}"
EndProject
Project("{F2A71F9B-5D33-465A-A702-920D77279786}") = "GlobalPollenProject.Persistence", "src\GlobalPollenProject.Persistence\GlobalPollenProject.Persistence.fsproj", "{4718A894-D6E3-4F5C-9D26-EC3F8034B93D}"
EndProject
Project("{F2A71F9B-5D33-465A-A702-920D77279786}") = "GlobalPollenProject.Auth", "src\GlobalPollenProject.Auth\GlobalPollenProject.Auth.fsproj", "{D2A859BC-8CD9-48C4-9067-FC93ACC1BAA2}"
EndProject
Project("{F2A71F9B-5D33-465A-A702-920D77279786}") = "GlobalPollenProject.App", "src\GlobalPollenProject.App\GlobalPollenProject.App.fsproj", "{2944FA03-0C70-461C-AE86-342F637C4D28}"
EndProject
Project("{F2A71F9B-5D33-465A-A702-920D77279786}") = "GlobalPollenProject.Web", "src\GlobalPollenProject.Web\GlobalPollenProject.Web.fsproj", "{435EDFA2-BDD4-465A-B639-2B17BD13C0FA}"
EndProject
Project("{2150E333-8FDC-42A3-9474-1A3956D46DE8}") = "test", "test", "{E6042DEB-AEA8-4740-8EAE-EA0FDB7D0269}"
EndProject
Project("{F2A71F9B-5D33-465A-A702-920D77279786}") = "GlobalPollenProject.Core.Tests", "test\GlobalPollenProject.Core.Tests\GlobalPollenProject.Core.Tests.fsproj", "{4D561A17-80B4-4E13-8EC8-59A22ED79E8A}"
EndProject
Project("{F2A71F9B-5D33-465A-A702-920D77279786}") = "GlobalPollenProject.Persistence.Tests", "test\GlobalPollenProject.Persistence.Tests\GlobalPollenProject.Persistence.Tests.fsproj", "{DD3233C6-99ED-4909-BFA6-CD7FA2400AB5}"
EndProject
Project("{F2A71F9B-5D33-465A-A702-920D77279786}") = "GlobalPollenProject.App.Tests", "test\GlobalPollenProject.App.Tests\GlobalPollenProject.App.Tests.fsproj", "{C48BD336-2A5E-4F84-8EB5-A5FD580B8BA5}"
EndProject
Global
	GlobalSection(SolutionConfigurationPlatforms) = preSolution
		Debug|Any CPU = Debug|Any CPU
		Debug|x64 = Debug|x64
		Debug|x86 = Debug|x86
		Release|Any CPU = Release|Any CPU
		Release|x64 = Release|x64
		Release|x86 = Release|x86
	EndGlobalSection
	GlobalSection(SolutionProperties) = preSolution
		HideSolutionNode = FALSE
	EndGlobalSection
	GlobalSection(ProjectConfigurationPlatforms) = postSolution
		{2973DE64-89A4-4970-B088-AEF2C3AFB761}.Debug|Any CPU.ActiveCfg = Debug|Any CPU
		{2973DE64-89A4-4970-B088-AEF2C3AFB761}.Debug|Any CPU.Build.0 = Debug|Any CPU
		{2973DE64-89A4-4970-B088-AEF2C3AFB761}.Debug|x64.ActiveCfg = Debug|x64
		{2973DE64-89A4-4970-B088-AEF2C3AFB761}.Debug|x64.Build.0 = Debug|x64
		{2973DE64-89A4-4970-B088-AEF2C3AFB761}.Debug|x86.ActiveCfg = Debug|x86
		{2973DE64-89A4-4970-B088-AEF2C3AFB761}.Debug|x86.Build.0 = Debug|x86
		{2973DE64-89A4-4970-B088-AEF2C3AFB761}.Release|Any CPU.ActiveCfg = Release|Any CPU
		{2973DE64-89A4-4970-B088-AEF2C3AFB761}.Release|Any CPU.Build.0 = Release|Any CPU
		{2973DE64-89A4-4970-B088-AEF2C3AFB761}.Release|x64.ActiveCfg = Release|x64
		{2973DE64-89A4-4970-B088-AEF2C3AFB761}.Release|x64.Build.0 = Release|x64
		{2973DE64-89A4-4970-B088-AEF2C3AFB761}.Release|x86.ActiveCfg = Release|x86
		{2973DE64-89A4-4970-B088-AEF2C3AFB761}.Release|x86.Build.0 = Release|x86
		{4718A894-D6E3-4F5C-9D26-EC3F8034B93D}.Debug|Any CPU.ActiveCfg = Debug|Any CPU
		{4718A894-D6E3-4F5C-9D26-EC3F8034B93D}.Debug|Any CPU.Build.0 = Debug|Any CPU
		{4718A894-D6E3-4F5C-9D26-EC3F8034B93D}.Debug|x64.ActiveCfg = Debug|x64
		{4718A894-D6E3-4F5C-9D26-EC3F8034B93D}.Debug|x64.Build.0 = Debug|x64
		{4718A894-D6E3-4F5C-9D26-EC3F8034B93D}.Debug|x86.ActiveCfg = Debug|x86
		{4718A894-D6E3-4F5C-9D26-EC3F8034B93D}.Debug|x86.Build.0 = Debug|x86
		{4718A894-D6E3-4F5C-9D26-EC3F8034B93D}.Release|Any CPU.ActiveCfg = Release|Any CPU
		{4718A894-D6E3-4F5C-9D26-EC3F8034B93D}.Release|Any CPU.Build.0 = Release|Any CPU
		{4718A894-D6E3-4F5C-9D26-EC3F8034B93D}.Release|x64.ActiveCfg = Release|x64
		{4718A894-D6E3-4F5C-9D26-EC3F8034B93D}.Release|x64.Build.0 = Release|x64
		{4718A894-D6E3-4F5C-9D26-EC3F8034B93D}.Release|x86.ActiveCfg = Release|x86
		{4718A894-D6E3-4F5C-9D26-EC3F8034B93D}.Release|x86.Build.0 = Release|x86
		{D2A859BC-8CD9-48C4-9067-FC93ACC1BAA2}.Debug|Any CPU.ActiveCfg = Debug|Any CPU
		{D2A859BC-8CD9-48C4-9067-FC93ACC1BAA2}.Debug|Any CPU.Build.0 = Debug|Any CPU
		{D2A859BC-8CD9-48C4-9067-FC93ACC1BAA2}.Debug|x64.ActiveCfg = Debug|x64
		{D2A859BC-8CD9-48C4-9067-FC93ACC1BAA2}.Debug|x64.Build.0 = Debug|x64
		{D2A859BC-8CD9-48C4-9067-FC93ACC1BAA2}.Debug|x86.ActiveCfg = Debug|x86
		{D2A859BC-8CD9-48C4-9067-FC93ACC1BAA2}.Debug|x86.Build.0 = Debug|x86
		{D2A859BC-8CD9-48C4-9067-FC93ACC1BAA2}.Release|Any CPU.ActiveCfg = Release|Any CPU
		{D2A859BC-8CD9-48C4-9067-FC93ACC1BAA2}.Release|Any CPU.Build.0 = Release|Any CPU
		{D2A859BC-8CD9-48C4-9067-FC93ACC1BAA2}.Release|x64.ActiveCfg = Release|x64
		{D2A859BC-8CD9-48C4-9067-FC93ACC1BAA2}.Release|x64.Build.0 = Release|x64
		{D2A859BC-8CD9-48C4-9067-FC93ACC1BAA2}.Release|x86.ActiveCfg = Release|x86
		{D2A859BC-8CD9-48C4-9067-FC93ACC1BAA2}.Release|x86.Build.0 = Release|x86
		{2944FA03-0C70-461C-AE86-342F637C4D28}.Debug|Any CPU.ActiveCfg = Debug|Any CPU
		{2944FA03-0C70-461C-AE86-342F637C4D28}.Debug|Any CPU.Build.0 = Debug|Any CPU
		{2944FA03-0C70-461C-AE86-342F637C4D28}.Debug|x64.ActiveCfg = Debug|x64
		{2944FA03-0C70-461C-AE86-342F637C4D28}.Debug|x64.Build.0 = Debug|x64
		{2944FA03-0C70-461C-AE86-342F637C4D28}.Debug|x86.ActiveCfg = Debug|x86
		{2944FA03-0C70-461C-AE86-342F637C4D28}.Debug|x86.Build.0 = Debug|x86
		{2944FA03-0C70-461C-AE86-342F637C4D28}.Release|Any CPU.ActiveCfg = Release|Any CPU
		{2944FA03-0C70-461C-AE86-342F637C4D28}.Release|Any CPU.Build.0 = Release|Any CPU
		{2944FA03-0C70-461C-AE86-342F637C4D28}.Release|x64.ActiveCfg = Release|x64
		{2944FA03-0C70-461C-AE86-342F637C4D28}.Release|x64.Build.0 = Release|x64
		{2944FA03-0C70-461C-AE86-342F637C4D28}.Release|x86.ActiveCfg = Release|x86
		{2944FA03-0C70-461C-AE86-342F637C4D28}.Release|x86.Build.0 = Release|x86
		{435EDFA2-BDD4-465A-B639-2B17BD13C0FA}.Debug|Any CPU.ActiveCfg = Debug|Any CPU
		{435EDFA2-BDD4-465A-B639-2B17BD13C0FA}.Debug|Any CPU.Build.0 = Debug|Any CPU
		{435EDFA2-BDD4-465A-B639-2B17BD13C0FA}.Debug|x64.ActiveCfg = Debug|x64
		{435EDFA2-BDD4-465A-B639-2B17BD13C0FA}.Debug|x64.Build.0 = Debug|x64
		{435EDFA2-BDD4-465A-B639-2B17BD13C0FA}.Debug|x86.ActiveCfg = Debug|x86
		{435EDFA2-BDD4-465A-B639-2B17BD13C0FA}.Debug|x86.Build.0 = Debug|x86
		{435EDFA2-BDD4-465A-B639-2B17BD13C0FA}.Release|Any CPU.ActiveCfg = Release|Any CPU
		{435EDFA2-BDD4-465A-B639-2B17BD13C0FA}.Release|Any CPU.Build.0 = Release|Any CPU
		{435EDFA2-BDD4-465A-B639-2B17BD13C0FA}.Release|x64.ActiveCfg = Release|x64
		{435EDFA2-BDD4-465A-B639-2B17BD13C0FA}.Release|x64.Build.0 = Release|x64
		{435EDFA2-BDD4-465A-B639-2B17BD13C0FA}.Release|x86.ActiveCfg = Release|x86
		{435EDFA2-BDD4-465A-B639-2B17BD13C0FA}.Release|x86.Build.0 = Release|x86
		{4D561A17-80B4-4E13-8EC8-59A22ED79E8A}.Debug|Any CPU.ActiveCfg = Debug|Any CPU
		{4D561A17-80B4-4E13-8EC8-59A22ED79E8A}.Debug|Any CPU.Build.0 = Debug|Any CPU
		{4D561A17-80B4-4E13-8EC8-59A22ED79E8A}.Debug|x64.ActiveCfg = Debug|x64
		{4D561A17-80B4-4E13-8EC8-59A22ED79E8A}.Debug|x64.Build.0 = Debug|x64
		{4D561A17-80B4-4E13-8EC8-59A22ED79E8A}.Debug|x86.ActiveCfg = Debug|x86
		{4D561A17-80B4-4E13-8EC8-59A22ED79E8A}.Debug|x86.Build.0 = Debug|x86
		{4D561A17-80B4-4E13-8EC8-59A22ED79E8A}.Release|Any CPU.ActiveCfg = Release|Any CPU
		{4D561A17-80B4-4E13-8EC8-59A22ED79E8A}.Release|Any CPU.Build.0 = Release|Any CPU
		{4D561A17-80B4-4E13-8EC8-59A22ED79E8A}.Release|x64.ActiveCfg = Release|x64
		{4D561A17-80B4-4E13-8EC8-59A22ED79E8A}.Release|x64.Build.0 = Release|x64
		{4D561A17-80B4-4E13-8EC8-59A22ED79E8A}.Release|x86.ActiveCfg = Release|x86
		{4D561A17-80B4-4E13-8EC8-59A22ED79E8A}.Release|x86.Build.0 = Release|x86
		{DD3233C6-99ED-4909-BFA6-CD7FA2400AB5}.Debug|Any CPU.ActiveCfg = Debug|Any CPU
		{DD3233C6-99ED-4909-BFA6-CD7FA2400AB5}.Debug|Any CPU.Build.0 = Debug|Any CPU
		{DD3233C6-99ED-4909-BFA6-CD7FA2400AB5}.Debug|x64.ActiveCfg = Debug|x64
		{DD3233C6-99ED-4909-BFA6-CD7FA2400AB5}.Debug|x64.Build.0 = Debug|x64
		{DD3233C6-99ED-4909-BFA6-CD7FA2400AB5}.Debug|x86.ActiveCfg = Debug|x86
		{DD3233C6-99ED-4909-BFA6-CD7FA2400AB5}.Debug|x86.Build.0 = Debug|x86
		{DD3233C6-99ED-4909-BFA6-CD7FA2400AB5}.Release|Any CPU.ActiveCfg = Release|Any CPU
		{DD3233C6-99ED-4909-BFA6-CD7FA2400AB5}.Release|Any CPU.Build.0 = Release|Any CPU
		{DD3233C6-99ED-4909-BFA6-CD7FA2400AB5}.Release|x64.ActiveCfg = Release|x64
		{DD3233C6-99ED-4909-BFA6-CD7FA2400AB5}.Release|x64.Build.0 = Release|x64
		{DD3233C6-99ED-4909-BFA6-CD7FA2400AB5}.Release|x86.ActiveCfg = Release|x86
		{DD3233C6-99ED-4909-BFA6-CD7FA2400AB5}.Release|x86.Build.0 = Release|x86
		{C48BD336-2A5E-4F84-8EB5-A5FD580B8BA5}.Debug|Any CPU.ActiveCfg = Debug|Any CPU
		{C48BD336-2A5E-4F84-8EB5-A5FD580B8BA5}.Debug|Any CPU.Build.0 = Debug|Any CPU
		{C48BD336-2A5E-4F84-8EB5-A5FD580B8BA5}.Debug|x64.ActiveCfg = Debug|x64
		{C48BD336-2A5E-4F84-8EB5-A5FD580B8BA5}.Debug|x64.Build.0 = Debug|x64
		{C48BD336-2A5E-4F84-8EB5-A5FD580B8BA5}.Debug|x86.ActiveCfg = Debug|x86
		{C48BD336-2A5E-4F84-8EB5-A5FD580B8BA5}.Debug|x86.Build.0 = Debug|x86
		{C48BD336-2A5E-4F84-8EB5-A5FD580B8BA5}.Release|Any CPU.ActiveCfg = Release|Any CPU
		{C48BD336-2A5E-4F84-8EB5-A5FD580B8BA5}.Release|Any CPU.Build.0 = Release|Any CPU
		{C48BD336-2A5E-4F84-8EB5-A5FD580B8BA5}.Release|x64.ActiveCfg = Release|x64
		{C48BD336-2A5E-4F84-8EB5-A5FD580B8BA5}.Release|x64.Build.0 = Release|x64
		{C48BD336-2A5E-4F84-8EB5-A5FD580B8BA5}.Release|x86.ActiveCfg = Release|x86
		{C48BD336-2A5E-4F84-8EB5-A5FD580B8BA5}.Release|x86.Build.0 = Release|x86
	EndGlobalSection
	GlobalSection(NestedProjects) = preSolution
		{2973DE64-89A4-4970-B088-AEF2C3AFB761} = {3D7D80A0-843C-4DD3-9AD7-14F25633FD4D}
		{4718A894-D6E3-4F5C-9D26-EC3F8034B93D} = {3D7D80A0-843C-4DD3-9AD7-14F25633FD4D}
		{D2A859BC-8CD9-48C4-9067-FC93ACC1BAA2} = {3D7D80A0-843C-4DD3-9AD7-14F25633FD4D}
		{2944FA03-0C70-461C-AE86-342F637C4D28} = {3D7D80A0-843C-4DD3-9AD7-14F25633FD4D}
		{435EDFA2-BDD4-465A-B639-2B17BD13C0FA} = {3D7D80A0-843C-4DD3-9AD7-14F25633FD4D}
		{4D561A17-80B4-4E13-8EC8-59A22ED79E8A} = {E6042DEB-AEA8-4740-8EAE-EA0FDB7D0269}
		{DD3233C6-99ED-4909-BFA6-CD7FA2400AB5} = {E6042DEB-AEA8-4740-8EAE-EA0FDB7D0269}
		{C48BD336-2A5E-4F84-8EB5-A5FD580B8BA5} = {E6042DEB-AEA8-4740-8EAE-EA0FDB7D0269}
	EndGlobalSection
EndGlobal
