
Microsoft Visual Studio Solution File, Format Version 12.00
# Visual Studio 15
VisualStudioVersion = 15.0.26124.0
MinimumVisualStudioVersion = 15.0.26124.0
Project("{2150E333-8FDC-42A3-9474-1A3956D46DE8}") = "src", "src", "{DA349832-1036-46C5-89CD-0A09C6684FCE}"
EndProject
Project("{2150E333-8FDC-42A3-9474-1A3956D46DE8}") = "Services", "Services", "{14C0297F-CDB7-4C79-A7FE-223762659406}"
EndProject
Project("{2150E333-8FDC-42A3-9474-1A3956D46DE8}") = "Core", "Core", "{1E10F823-83D8-48B9-A02B-9E8D2E406D3E}"
EndProject
Project("{F2A71F9B-5D33-465A-A702-920D77279786}") = "GlobalPollenProject.Core", "src\Services\Core\GlobalPollenProject.Core\GlobalPollenProject.Core.fsproj", "{E157A265-6D60-4429-AA0B-15C271A19424}"
EndProject
Project("{F2A71F9B-5D33-465A-A702-920D77279786}") = "GlobalPollenProject.Persistence", "src\Services\Core\GlobalPollenProject.Persistence\GlobalPollenProject.Persistence.fsproj", "{18FC695E-2939-46B7-B26F-96A1E90D3295}"
EndProject
Project("{F2A71F9B-5D33-465A-A702-920D77279786}") = "GlobalPollenProject.App", "src\Services\Core\GlobalPollenProject.App\GlobalPollenProject.App.fsproj", "{749BCD12-F0CD-447D-B5FA-9A8E6753EC93}"
EndProject
Project("{2150E333-8FDC-42A3-9474-1A3956D46DE8}") = "Identity", "Identity", "{4263C0DC-9D4E-4C9B-BFFB-6BD2E8DEDD79}"
EndProject
Project("{F2A71F9B-5D33-465A-A702-920D77279786}") = "GlobalPollenProject.Identity", "src\Services\Identity\GlobalPollenProject.Identity\GlobalPollenProject.Identity.fsproj", "{9A89F7B5-5B59-404F-B58C-23448D9F29DA}"
EndProject
Project("{2150E333-8FDC-42A3-9474-1A3956D46DE8}") = "Gateways", "Gateways", "{5A433EE7-D210-46D2-BC59-6D9E788F29CA}"
EndProject
Project("{F2A71F9B-5D33-465A-A702-920D77279786}") = "GlobalPollenProject.Gateway", "src\Gateways\GlobalPollenProject.Gateway\GlobalPollenProject.Gateway.fsproj", "{DA95D338-51D6-4CD3-8E04-6A9F4B27A5D4}"
EndProject
Project("{2150E333-8FDC-42A3-9474-1A3956D46DE8}") = "Web", "Web", "{6A072DC4-03CC-433D-B6E9-4992527F5E59}"
EndProject
Project("{2150E333-8FDC-42A3-9474-1A3956D46DE8}") = "WebUI", "WebUI", "{E0466CF7-455C-40D8-BF48-21C6BC2FCE86}"
EndProject
Project("{F2A71F9B-5D33-465A-A702-920D77279786}") = "GlobalPollenProject.Web", "src\Web\WebUI\GlobalPollenProject.Web\GlobalPollenProject.Web.fsproj", "{906781D1-2038-426A-B575-70A8333FC618}"
EndProject
Project("{2150E333-8FDC-42A3-9474-1A3956D46DE8}") = "WebApi", "WebApi", "{94ABD69F-E5A9-4ED9-96BB-F2FD8D9848BA}"
EndProject
Project("{F2A71F9B-5D33-465A-A702-920D77279786}") = "GlobalPollenProject.Web.API", "src\Web\WebApi\GlobalPollenProject.Web.API\GlobalPollenProject.Web.API.fsproj", "{0C1747D0-02A5-4878-B3E2-773819363DA5}"
EndProject
Project("{2150E333-8FDC-42A3-9474-1A3956D46DE8}") = "test", "test", "{59BF3DA1-2EAA-4702-9142-11A66EB6D319}"
EndProject
Project("{F2A71F9B-5D33-465A-A702-920D77279786}") = "GlobalPollenProject.Core.Tests", "test\core\GlobalPollenProject.Core.Tests\GlobalPollenProject.Core.Tests.fsproj", "{902BCC42-DA02-47D6-A2DB-ACEFBBEE1BBA}"
EndProject
Project("{2150E333-8FDC-42A3-9474-1A3956D46DE8}") = "core", "core", "{F11D01EF-E4BF-4FB9-86EA-422EF5A07FBB}"
EndProject
Project("{F2A71F9B-5D33-465A-A702-920D77279786}") = "GlobalPollenProject.App.Tests", "test\core\GlobalPollenProject.App.Tests\GlobalPollenProject.App.Tests.fsproj", "{90E3AE49-69E3-4B6C-8A48-D0499E8B534E}"
EndProject
Project("{F2A71F9B-5D33-465A-A702-920D77279786}") = "GlobalPollenProject.Persistence.Tests", "test\core\GlobalPollenProject.Persistence.Tests\GlobalPollenProject.Persistence.Tests.fsproj", "{A3D7C899-FD18-4477-AC08-16FC9083A171}"
EndProject
Project("{2150E333-8FDC-42A3-9474-1A3956D46DE8}") = "web", "web", "{CEBA6DB2-2541-468B-A023-60955AFDA37D}"
EndProject
Project("{2150E333-8FDC-42A3-9474-1A3956D46DE8}") = "Shared", "Shared", "{AB8F43EB-AD1C-423F-9BF3-39D48E183955}"
ProjectSection(SolutionItems) = preProject
	src\Shared\Serialisation.fs = src\Shared\Serialisation.fs
	src\Shared\Responses.fs = src\Shared\Responses.fs
	src\Shared\Connections.fs = src\Shared\Connections.fs
EndProjectSection
EndProject
Global
	GlobalSection(SolutionConfigurationPlatforms) = preSolution
		Debug|Any CPU = Debug|Any CPU
		Debug|x64 = Debug|x64
		Debug|x86 = Debug|x86
		Release|Any CPU = Release|Any CPU
		Release|x64 = Release|x64
		Release|x86 = Release|x86
	EndGlobalSection
	GlobalSection(SolutionProperties) = preSolution
		HideSolutionNode = FALSE
	EndGlobalSection
	GlobalSection(ProjectConfigurationPlatforms) = postSolution
		{E157A265-6D60-4429-AA0B-15C271A19424}.Debug|Any CPU.ActiveCfg = Debug|Any CPU
		{E157A265-6D60-4429-AA0B-15C271A19424}.Debug|Any CPU.Build.0 = Debug|Any CPU
		{E157A265-6D60-4429-AA0B-15C271A19424}.Debug|x64.ActiveCfg = Debug|Any CPU
		{E157A265-6D60-4429-AA0B-15C271A19424}.Debug|x64.Build.0 = Debug|Any CPU
		{E157A265-6D60-4429-AA0B-15C271A19424}.Debug|x86.ActiveCfg = Debug|Any CPU
		{E157A265-6D60-4429-AA0B-15C271A19424}.Debug|x86.Build.0 = Debug|Any CPU
		{E157A265-6D60-4429-AA0B-15C271A19424}.Release|Any CPU.ActiveCfg = Release|Any CPU
		{E157A265-6D60-4429-AA0B-15C271A19424}.Release|Any CPU.Build.0 = Release|Any CPU
		{E157A265-6D60-4429-AA0B-15C271A19424}.Release|x64.ActiveCfg = Release|Any CPU
		{E157A265-6D60-4429-AA0B-15C271A19424}.Release|x64.Build.0 = Release|Any CPU
		{E157A265-6D60-4429-AA0B-15C271A19424}.Release|x86.ActiveCfg = Release|Any CPU
		{E157A265-6D60-4429-AA0B-15C271A19424}.Release|x86.Build.0 = Release|Any CPU
		{18FC695E-2939-46B7-B26F-96A1E90D3295}.Debug|Any CPU.ActiveCfg = Debug|Any CPU
		{18FC695E-2939-46B7-B26F-96A1E90D3295}.Debug|Any CPU.Build.0 = Debug|Any CPU
		{18FC695E-2939-46B7-B26F-96A1E90D3295}.Debug|x64.ActiveCfg = Debug|Any CPU
		{18FC695E-2939-46B7-B26F-96A1E90D3295}.Debug|x64.Build.0 = Debug|Any CPU
		{18FC695E-2939-46B7-B26F-96A1E90D3295}.Debug|x86.ActiveCfg = Debug|Any CPU
		{18FC695E-2939-46B7-B26F-96A1E90D3295}.Debug|x86.Build.0 = Debug|Any CPU
		{18FC695E-2939-46B7-B26F-96A1E90D3295}.Release|Any CPU.ActiveCfg = Release|Any CPU
		{18FC695E-2939-46B7-B26F-96A1E90D3295}.Release|Any CPU.Build.0 = Release|Any CPU
		{18FC695E-2939-46B7-B26F-96A1E90D3295}.Release|x64.ActiveCfg = Release|Any CPU
		{18FC695E-2939-46B7-B26F-96A1E90D3295}.Release|x64.Build.0 = Release|Any CPU
		{18FC695E-2939-46B7-B26F-96A1E90D3295}.Release|x86.ActiveCfg = Release|Any CPU
		{18FC695E-2939-46B7-B26F-96A1E90D3295}.Release|x86.Build.0 = Release|Any CPU
		{749BCD12-F0CD-447D-B5FA-9A8E6753EC93}.Debug|Any CPU.ActiveCfg = Debug|Any CPU
		{749BCD12-F0CD-447D-B5FA-9A8E6753EC93}.Debug|Any CPU.Build.0 = Debug|Any CPU
		{749BCD12-F0CD-447D-B5FA-9A8E6753EC93}.Debug|x64.ActiveCfg = Debug|Any CPU
		{749BCD12-F0CD-447D-B5FA-9A8E6753EC93}.Debug|x64.Build.0 = Debug|Any CPU
		{749BCD12-F0CD-447D-B5FA-9A8E6753EC93}.Debug|x86.ActiveCfg = Debug|Any CPU
		{749BCD12-F0CD-447D-B5FA-9A8E6753EC93}.Debug|x86.Build.0 = Debug|Any CPU
		{749BCD12-F0CD-447D-B5FA-9A8E6753EC93}.Release|Any CPU.ActiveCfg = Release|Any CPU
		{749BCD12-F0CD-447D-B5FA-9A8E6753EC93}.Release|Any CPU.Build.0 = Release|Any CPU
		{749BCD12-F0CD-447D-B5FA-9A8E6753EC93}.Release|x64.ActiveCfg = Release|Any CPU
		{749BCD12-F0CD-447D-B5FA-9A8E6753EC93}.Release|x64.Build.0 = Release|Any CPU
		{749BCD12-F0CD-447D-B5FA-9A8E6753EC93}.Release|x86.ActiveCfg = Release|Any CPU
		{749BCD12-F0CD-447D-B5FA-9A8E6753EC93}.Release|x86.Build.0 = Release|Any CPU
		{9A89F7B5-5B59-404F-B58C-23448D9F29DA}.Debug|Any CPU.ActiveCfg = Debug|Any CPU
		{9A89F7B5-5B59-404F-B58C-23448D9F29DA}.Debug|Any CPU.Build.0 = Debug|Any CPU
		{9A89F7B5-5B59-404F-B58C-23448D9F29DA}.Debug|x64.ActiveCfg = Debug|Any CPU
		{9A89F7B5-5B59-404F-B58C-23448D9F29DA}.Debug|x64.Build.0 = Debug|Any CPU
		{9A89F7B5-5B59-404F-B58C-23448D9F29DA}.Debug|x86.ActiveCfg = Debug|Any CPU
		{9A89F7B5-5B59-404F-B58C-23448D9F29DA}.Debug|x86.Build.0 = Debug|Any CPU
		{9A89F7B5-5B59-404F-B58C-23448D9F29DA}.Release|Any CPU.ActiveCfg = Release|Any CPU
		{9A89F7B5-5B59-404F-B58C-23448D9F29DA}.Release|Any CPU.Build.0 = Release|Any CPU
		{9A89F7B5-5B59-404F-B58C-23448D9F29DA}.Release|x64.ActiveCfg = Release|Any CPU
		{9A89F7B5-5B59-404F-B58C-23448D9F29DA}.Release|x64.Build.0 = Release|Any CPU
		{9A89F7B5-5B59-404F-B58C-23448D9F29DA}.Release|x86.ActiveCfg = Release|Any CPU
		{9A89F7B5-5B59-404F-B58C-23448D9F29DA}.Release|x86.Build.0 = Release|Any CPU
		{DA95D338-51D6-4CD3-8E04-6A9F4B27A5D4}.Debug|Any CPU.ActiveCfg = Debug|Any CPU
		{DA95D338-51D6-4CD3-8E04-6A9F4B27A5D4}.Debug|Any CPU.Build.0 = Debug|Any CPU
		{DA95D338-51D6-4CD3-8E04-6A9F4B27A5D4}.Debug|x64.ActiveCfg = Debug|Any CPU
		{DA95D338-51D6-4CD3-8E04-6A9F4B27A5D4}.Debug|x64.Build.0 = Debug|Any CPU
		{DA95D338-51D6-4CD3-8E04-6A9F4B27A5D4}.Debug|x86.ActiveCfg = Debug|Any CPU
		{DA95D338-51D6-4CD3-8E04-6A9F4B27A5D4}.Debug|x86.Build.0 = Debug|Any CPU
		{DA95D338-51D6-4CD3-8E04-6A9F4B27A5D4}.Release|Any CPU.ActiveCfg = Release|Any CPU
		{DA95D338-51D6-4CD3-8E04-6A9F4B27A5D4}.Release|Any CPU.Build.0 = Release|Any CPU
		{DA95D338-51D6-4CD3-8E04-6A9F4B27A5D4}.Release|x64.ActiveCfg = Release|Any CPU
		{DA95D338-51D6-4CD3-8E04-6A9F4B27A5D4}.Release|x64.Build.0 = Release|Any CPU
		{DA95D338-51D6-4CD3-8E04-6A9F4B27A5D4}.Release|x86.ActiveCfg = Release|Any CPU
		{DA95D338-51D6-4CD3-8E04-6A9F4B27A5D4}.Release|x86.Build.0 = Release|Any CPU
		{906781D1-2038-426A-B575-70A8333FC618}.Debug|Any CPU.ActiveCfg = Debug|Any CPU
		{906781D1-2038-426A-B575-70A8333FC618}.Debug|Any CPU.Build.0 = Debug|Any CPU
		{906781D1-2038-426A-B575-70A8333FC618}.Debug|x64.ActiveCfg = Debug|Any CPU
		{906781D1-2038-426A-B575-70A8333FC618}.Debug|x64.Build.0 = Debug|Any CPU
		{906781D1-2038-426A-B575-70A8333FC618}.Debug|x86.ActiveCfg = Debug|Any CPU
		{906781D1-2038-426A-B575-70A8333FC618}.Debug|x86.Build.0 = Debug|Any CPU
		{906781D1-2038-426A-B575-70A8333FC618}.Release|Any CPU.ActiveCfg = Release|Any CPU
		{906781D1-2038-426A-B575-70A8333FC618}.Release|Any CPU.Build.0 = Release|Any CPU
		{906781D1-2038-426A-B575-70A8333FC618}.Release|x64.ActiveCfg = Release|Any CPU
		{906781D1-2038-426A-B575-70A8333FC618}.Release|x64.Build.0 = Release|Any CPU
		{906781D1-2038-426A-B575-70A8333FC618}.Release|x86.ActiveCfg = Release|Any CPU
		{906781D1-2038-426A-B575-70A8333FC618}.Release|x86.Build.0 = Release|Any CPU
		{0C1747D0-02A5-4878-B3E2-773819363DA5}.Debug|Any CPU.ActiveCfg = Debug|Any CPU
		{0C1747D0-02A5-4878-B3E2-773819363DA5}.Debug|Any CPU.Build.0 = Debug|Any CPU
		{0C1747D0-02A5-4878-B3E2-773819363DA5}.Debug|x64.ActiveCfg = Debug|Any CPU
		{0C1747D0-02A5-4878-B3E2-773819363DA5}.Debug|x64.Build.0 = Debug|Any CPU
		{0C1747D0-02A5-4878-B3E2-773819363DA5}.Debug|x86.ActiveCfg = Debug|Any CPU
		{0C1747D0-02A5-4878-B3E2-773819363DA5}.Debug|x86.Build.0 = Debug|Any CPU
		{0C1747D0-02A5-4878-B3E2-773819363DA5}.Release|Any CPU.ActiveCfg = Release|Any CPU
		{0C1747D0-02A5-4878-B3E2-773819363DA5}.Release|Any CPU.Build.0 = Release|Any CPU
		{0C1747D0-02A5-4878-B3E2-773819363DA5}.Release|x64.ActiveCfg = Release|Any CPU
		{0C1747D0-02A5-4878-B3E2-773819363DA5}.Release|x64.Build.0 = Release|Any CPU
		{0C1747D0-02A5-4878-B3E2-773819363DA5}.Release|x86.ActiveCfg = Release|Any CPU
		{0C1747D0-02A5-4878-B3E2-773819363DA5}.Release|x86.Build.0 = Release|Any CPU
		{902BCC42-DA02-47D6-A2DB-ACEFBBEE1BBA}.Debug|Any CPU.ActiveCfg = Debug|Any CPU
		{902BCC42-DA02-47D6-A2DB-ACEFBBEE1BBA}.Debug|Any CPU.Build.0 = Debug|Any CPU
		{902BCC42-DA02-47D6-A2DB-ACEFBBEE1BBA}.Debug|x64.ActiveCfg = Debug|Any CPU
		{902BCC42-DA02-47D6-A2DB-ACEFBBEE1BBA}.Debug|x64.Build.0 = Debug|Any CPU
		{902BCC42-DA02-47D6-A2DB-ACEFBBEE1BBA}.Debug|x86.ActiveCfg = Debug|Any CPU
		{902BCC42-DA02-47D6-A2DB-ACEFBBEE1BBA}.Debug|x86.Build.0 = Debug|Any CPU
		{902BCC42-DA02-47D6-A2DB-ACEFBBEE1BBA}.Release|Any CPU.ActiveCfg = Release|Any CPU
		{902BCC42-DA02-47D6-A2DB-ACEFBBEE1BBA}.Release|Any CPU.Build.0 = Release|Any CPU
		{902BCC42-DA02-47D6-A2DB-ACEFBBEE1BBA}.Release|x64.ActiveCfg = Release|Any CPU
		{902BCC42-DA02-47D6-A2DB-ACEFBBEE1BBA}.Release|x64.Build.0 = Release|Any CPU
		{902BCC42-DA02-47D6-A2DB-ACEFBBEE1BBA}.Release|x86.ActiveCfg = Release|Any CPU
		{902BCC42-DA02-47D6-A2DB-ACEFBBEE1BBA}.Release|x86.Build.0 = Release|Any CPU
		{90E3AE49-69E3-4B6C-8A48-D0499E8B534E}.Debug|Any CPU.ActiveCfg = Debug|Any CPU
		{90E3AE49-69E3-4B6C-8A48-D0499E8B534E}.Debug|Any CPU.Build.0 = Debug|Any CPU
		{90E3AE49-69E3-4B6C-8A48-D0499E8B534E}.Debug|x64.ActiveCfg = Debug|Any CPU
		{90E3AE49-69E3-4B6C-8A48-D0499E8B534E}.Debug|x64.Build.0 = Debug|Any CPU
		{90E3AE49-69E3-4B6C-8A48-D0499E8B534E}.Debug|x86.ActiveCfg = Debug|Any CPU
		{90E3AE49-69E3-4B6C-8A48-D0499E8B534E}.Debug|x86.Build.0 = Debug|Any CPU
		{90E3AE49-69E3-4B6C-8A48-D0499E8B534E}.Release|Any CPU.ActiveCfg = Release|Any CPU
		{90E3AE49-69E3-4B6C-8A48-D0499E8B534E}.Release|Any CPU.Build.0 = Release|Any CPU
		{90E3AE49-69E3-4B6C-8A48-D0499E8B534E}.Release|x64.ActiveCfg = Release|Any CPU
		{90E3AE49-69E3-4B6C-8A48-D0499E8B534E}.Release|x64.Build.0 = Release|Any CPU
		{90E3AE49-69E3-4B6C-8A48-D0499E8B534E}.Release|x86.ActiveCfg = Release|Any CPU
		{90E3AE49-69E3-4B6C-8A48-D0499E8B534E}.Release|x86.Build.0 = Release|Any CPU
		{A3D7C899-FD18-4477-AC08-16FC9083A171}.Debug|Any CPU.ActiveCfg = Debug|Any CPU
		{A3D7C899-FD18-4477-AC08-16FC9083A171}.Debug|Any CPU.Build.0 = Debug|Any CPU
		{A3D7C899-FD18-4477-AC08-16FC9083A171}.Debug|x64.ActiveCfg = Debug|Any CPU
		{A3D7C899-FD18-4477-AC08-16FC9083A171}.Debug|x64.Build.0 = Debug|Any CPU
		{A3D7C899-FD18-4477-AC08-16FC9083A171}.Debug|x86.ActiveCfg = Debug|Any CPU
		{A3D7C899-FD18-4477-AC08-16FC9083A171}.Debug|x86.Build.0 = Debug|Any CPU
		{A3D7C899-FD18-4477-AC08-16FC9083A171}.Release|Any CPU.ActiveCfg = Release|Any CPU
		{A3D7C899-FD18-4477-AC08-16FC9083A171}.Release|Any CPU.Build.0 = Release|Any CPU
		{A3D7C899-FD18-4477-AC08-16FC9083A171}.Release|x64.ActiveCfg = Release|Any CPU
		{A3D7C899-FD18-4477-AC08-16FC9083A171}.Release|x64.Build.0 = Release|Any CPU
		{A3D7C899-FD18-4477-AC08-16FC9083A171}.Release|x86.ActiveCfg = Release|Any CPU
		{A3D7C899-FD18-4477-AC08-16FC9083A171}.Release|x86.Build.0 = Release|Any CPU
	EndGlobalSection
	GlobalSection(NestedProjects) = preSolution
		{14C0297F-CDB7-4C79-A7FE-223762659406} = {DA349832-1036-46C5-89CD-0A09C6684FCE}
		{1E10F823-83D8-48B9-A02B-9E8D2E406D3E} = {14C0297F-CDB7-4C79-A7FE-223762659406}
		{E157A265-6D60-4429-AA0B-15C271A19424} = {1E10F823-83D8-48B9-A02B-9E8D2E406D3E}
		{18FC695E-2939-46B7-B26F-96A1E90D3295} = {1E10F823-83D8-48B9-A02B-9E8D2E406D3E}
		{749BCD12-F0CD-447D-B5FA-9A8E6753EC93} = {1E10F823-83D8-48B9-A02B-9E8D2E406D3E}
		{4263C0DC-9D4E-4C9B-BFFB-6BD2E8DEDD79} = {14C0297F-CDB7-4C79-A7FE-223762659406}
		{9A89F7B5-5B59-404F-B58C-23448D9F29DA} = {4263C0DC-9D4E-4C9B-BFFB-6BD2E8DEDD79}
		{5A433EE7-D210-46D2-BC59-6D9E788F29CA} = {DA349832-1036-46C5-89CD-0A09C6684FCE}
		{DA95D338-51D6-4CD3-8E04-6A9F4B27A5D4} = {5A433EE7-D210-46D2-BC59-6D9E788F29CA}
		{6A072DC4-03CC-433D-B6E9-4992527F5E59} = {DA349832-1036-46C5-89CD-0A09C6684FCE}
		{E0466CF7-455C-40D8-BF48-21C6BC2FCE86} = {6A072DC4-03CC-433D-B6E9-4992527F5E59}
		{906781D1-2038-426A-B575-70A8333FC618} = {E0466CF7-455C-40D8-BF48-21C6BC2FCE86}
		{94ABD69F-E5A9-4ED9-96BB-F2FD8D9848BA} = {6A072DC4-03CC-433D-B6E9-4992527F5E59}
		{0C1747D0-02A5-4878-B3E2-773819363DA5} = {94ABD69F-E5A9-4ED9-96BB-F2FD8D9848BA}
		{F11D01EF-E4BF-4FB9-86EA-422EF5A07FBB} = {59BF3DA1-2EAA-4702-9142-11A66EB6D319}
		{902BCC42-DA02-47D6-A2DB-ACEFBBEE1BBA} = {F11D01EF-E4BF-4FB9-86EA-422EF5A07FBB}
		{90E3AE49-69E3-4B6C-8A48-D0499E8B534E} = {F11D01EF-E4BF-4FB9-86EA-422EF5A07FBB}
		{A3D7C899-FD18-4477-AC08-16FC9083A171} = {F11D01EF-E4BF-4FB9-86EA-422EF5A07FBB}
		{CEBA6DB2-2541-468B-A023-60955AFDA37D} = {59BF3DA1-2EAA-4702-9142-11A66EB6D319}
		{AB8F43EB-AD1C-423F-9BF3-39D48E183955} = {DA349832-1036-46C5-89CD-0A09C6684FCE}
	EndGlobalSection
EndGlobal
