
Microsoft Visual Studio Solution File, Format Version 12.00
# Visual Studio 15
VisualStudioVersion = 15.0.26124.0
MinimumVisualStudioVersion = 15.0.26124.0
Project("{2150E333-8FDC-42A3-9474-1A3956D46DE8}") = "src", "src", "{49972D51-C329-48F3-8FC8-C8E3176DFA69}"
EndProject
Project("{2150E333-8FDC-42A3-9474-1A3956D46DE8}") = "Api", "Api", "{F43F8303-9BD0-49F1-9E2C-D63DF9A2E625}"
EndProject
Project("{F2A71F9B-5D33-465A-A702-920D77279786}") = "GlobalPollenProject.Web.API", "src\Api\GlobalPollenProject.Web.API\GlobalPollenProject.Web.API.fsproj", "{65026AB2-90BB-457F-9F24-E63B67A76C0B}"
EndProject
Project("{2150E333-8FDC-42A3-9474-1A3956D46DE8}") = "Auth", "Auth", "{30150B4A-19AA-493E-BB51-B2FB7C01EB9C}"
EndProject
Project("{F2A71F9B-5D33-465A-A702-920D77279786}") = "GlobalPollenProject.Auth", "src\Auth\GlobalPollenProject.Auth\GlobalPollenProject.Auth.fsproj", "{01F8E84C-3A88-457C-859E-8761CA5CBEEF}"
EndProject
Project("{2150E333-8FDC-42A3-9474-1A3956D46DE8}") = "Core", "Core", "{5071FE38-C82C-4F69-93BD-9F337BD7F2C0}"
EndProject
Project("{F2A71F9B-5D33-465A-A702-920D77279786}") = "GlobalPollenProject.App", "src\Core\GlobalPollenProject.App\GlobalPollenProject.App.fsproj", "{A50AFCB2-BDD3-403F-A923-08273E898F59}"
EndProject
Project("{F2A71F9B-5D33-465A-A702-920D77279786}") = "GlobalPollenProject.Core", "src\Core\GlobalPollenProject.Core\GlobalPollenProject.Core.fsproj", "{9AA6183A-EAFB-4D95-AFB8-E7E6F37E1F57}"
EndProject
Project("{F2A71F9B-5D33-465A-A702-920D77279786}") = "GlobalPollenProject.Persistence", "src\Core\GlobalPollenProject.Persistence\GlobalPollenProject.Persistence.fsproj", "{A50AFCB1-BDD3-403F-A923-08273E898F59}"
EndProject
Project("{2150E333-8FDC-42A3-9474-1A3956D46DE8}") = "WebUI", "WebUI", "{3E57B6A8-DBDA-4A37-A5CE-DD36E19D8B94}"
EndProject
Project("{F2A71F9B-5D33-465A-A702-920D77279786}") = "GlobalPollenProject.Web", "src\WebUI\GlobalPollenProject.Web\GlobalPollenProject.Web.fsproj", "{9DB4986D-6295-408B-B702-EFA4E090D008}"
EndProject
Global
	GlobalSection(SolutionConfigurationPlatforms) = preSolution
		Debug|Any CPU = Debug|Any CPU
		Debug|x64 = Debug|x64
		Debug|x86 = Debug|x86
		Release|Any CPU = Release|Any CPU
		Release|x64 = Release|x64
		Release|x86 = Release|x86
	EndGlobalSection
	GlobalSection(SolutionProperties) = preSolution
		HideSolutionNode = FALSE
	EndGlobalSection
	GlobalSection(ProjectConfigurationPlatforms) = postSolution
		{65026AB2-90BB-457F-9F24-E63B67A76C0B}.Debug|Any CPU.ActiveCfg = Debug|Any CPU
		{65026AB2-90BB-457F-9F24-E63B67A76C0B}.Debug|Any CPU.Build.0 = Debug|Any CPU
		{65026AB2-90BB-457F-9F24-E63B67A76C0B}.Debug|x64.ActiveCfg = Debug|Any CPU
		{65026AB2-90BB-457F-9F24-E63B67A76C0B}.Debug|x64.Build.0 = Debug|Any CPU
		{65026AB2-90BB-457F-9F24-E63B67A76C0B}.Debug|x86.ActiveCfg = Debug|Any CPU
		{65026AB2-90BB-457F-9F24-E63B67A76C0B}.Debug|x86.Build.0 = Debug|Any CPU
		{65026AB2-90BB-457F-9F24-E63B67A76C0B}.Release|Any CPU.ActiveCfg = Release|Any CPU
		{65026AB2-90BB-457F-9F24-E63B67A76C0B}.Release|Any CPU.Build.0 = Release|Any CPU
		{65026AB2-90BB-457F-9F24-E63B67A76C0B}.Release|x64.ActiveCfg = Release|Any CPU
		{65026AB2-90BB-457F-9F24-E63B67A76C0B}.Release|x64.Build.0 = Release|Any CPU
		{65026AB2-90BB-457F-9F24-E63B67A76C0B}.Release|x86.ActiveCfg = Release|Any CPU
		{65026AB2-90BB-457F-9F24-E63B67A76C0B}.Release|x86.Build.0 = Release|Any CPU
		{01F8E84C-3A88-457C-859E-8761CA5CBEEF}.Debug|Any CPU.ActiveCfg = Debug|Any CPU
		{01F8E84C-3A88-457C-859E-8761CA5CBEEF}.Debug|Any CPU.Build.0 = Debug|Any CPU
		{01F8E84C-3A88-457C-859E-8761CA5CBEEF}.Debug|x64.ActiveCfg = Debug|Any CPU
		{01F8E84C-3A88-457C-859E-8761CA5CBEEF}.Debug|x64.Build.0 = Debug|Any CPU
		{01F8E84C-3A88-457C-859E-8761CA5CBEEF}.Debug|x86.ActiveCfg = Debug|Any CPU
		{01F8E84C-3A88-457C-859E-8761CA5CBEEF}.Debug|x86.Build.0 = Debug|Any CPU
		{01F8E84C-3A88-457C-859E-8761CA5CBEEF}.Release|Any CPU.ActiveCfg = Release|Any CPU
		{01F8E84C-3A88-457C-859E-8761CA5CBEEF}.Release|Any CPU.Build.0 = Release|Any CPU
		{01F8E84C-3A88-457C-859E-8761CA5CBEEF}.Release|x64.ActiveCfg = Release|Any CPU
		{01F8E84C-3A88-457C-859E-8761CA5CBEEF}.Release|x64.Build.0 = Release|Any CPU
		{01F8E84C-3A88-457C-859E-8761CA5CBEEF}.Release|x86.ActiveCfg = Release|Any CPU
		{01F8E84C-3A88-457C-859E-8761CA5CBEEF}.Release|x86.Build.0 = Release|Any CPU
		{9AA6183A-EAFB-4D95-AFB8-E7E6F37E1F57}.Debug|Any CPU.ActiveCfg = Debug|Any CPU
		{9AA6183A-EAFB-4D95-AFB8-E7E6F37E1F57}.Debug|Any CPU.Build.0 = Debug|Any CPU
		{9AA6183A-EAFB-4D95-AFB8-E7E6F37E1F57}.Debug|x64.ActiveCfg = Debug|Any CPU
		{9AA6183A-EAFB-4D95-AFB8-E7E6F37E1F57}.Debug|x64.Build.0 = Debug|Any CPU
		{9AA6183A-EAFB-4D95-AFB8-E7E6F37E1F57}.Debug|x86.ActiveCfg = Debug|Any CPU
		{9AA6183A-EAFB-4D95-AFB8-E7E6F37E1F57}.Debug|x86.Build.0 = Debug|Any CPU
		{9AA6183A-EAFB-4D95-AFB8-E7E6F37E1F57}.Release|Any CPU.ActiveCfg = Release|Any CPU
		{9AA6183A-EAFB-4D95-AFB8-E7E6F37E1F57}.Release|Any CPU.Build.0 = Release|Any CPU
		{9AA6183A-EAFB-4D95-AFB8-E7E6F37E1F57}.Release|x64.ActiveCfg = Release|Any CPU
		{9AA6183A-EAFB-4D95-AFB8-E7E6F37E1F57}.Release|x64.Build.0 = Release|Any CPU
		{9AA6183A-EAFB-4D95-AFB8-E7E6F37E1F57}.Release|x86.ActiveCfg = Release|Any CPU
		{9AA6183A-EAFB-4D95-AFB8-E7E6F37E1F57}.Release|x86.Build.0 = Release|Any CPU
		{A50AFCB1-BDD3-403F-A923-08273E898F59}.Debug|Any CPU.ActiveCfg = Debug|Any CPU
		{A50AFCB1-BDD3-403F-A923-08273E898F59}.Debug|Any CPU.Build.0 = Debug|Any CPU
		{A50AFCB1-BDD3-403F-A923-08273E898F59}.Debug|x64.ActiveCfg = Debug|Any CPU
		{A50AFCB1-BDD3-403F-A923-08273E898F59}.Debug|x64.Build.0 = Debug|Any CPU
		{A50AFCB1-BDD3-403F-A923-08273E898F59}.Debug|x86.ActiveCfg = Debug|Any CPU
		{A50AFCB1-BDD3-403F-A923-08273E898F59}.Debug|x86.Build.0 = Debug|Any CPU
		{A50AFCB1-BDD3-403F-A923-08273E898F59}.Release|Any CPU.ActiveCfg = Release|Any CPU
		{A50AFCB1-BDD3-403F-A923-08273E898F59}.Release|Any CPU.Build.0 = Release|Any CPU
		{A50AFCB1-BDD3-403F-A923-08273E898F59}.Release|x64.ActiveCfg = Release|Any CPU
		{A50AFCB1-BDD3-403F-A923-08273E898F59}.Release|x64.Build.0 = Release|Any CPU
		{A50AFCB1-BDD3-403F-A923-08273E898F59}.Release|x86.ActiveCfg = Release|Any CPU
		{A50AFCB1-BDD3-403F-A923-08273E898F59}.Release|x86.Build.0 = Release|Any CPU
		{9DB4986D-6295-408B-B702-EFA4E090D008}.Debug|Any CPU.ActiveCfg = Debug|Any CPU
		{9DB4986D-6295-408B-B702-EFA4E090D008}.Debug|Any CPU.Build.0 = Debug|Any CPU
		{9DB4986D-6295-408B-B702-EFA4E090D008}.Debug|x64.ActiveCfg = Debug|Any CPU
		{9DB4986D-6295-408B-B702-EFA4E090D008}.Debug|x64.Build.0 = Debug|Any CPU
		{9DB4986D-6295-408B-B702-EFA4E090D008}.Debug|x86.ActiveCfg = Debug|Any CPU
		{9DB4986D-6295-408B-B702-EFA4E090D008}.Debug|x86.Build.0 = Debug|Any CPU
		{9DB4986D-6295-408B-B702-EFA4E090D008}.Release|Any CPU.ActiveCfg = Release|Any CPU
		{9DB4986D-6295-408B-B702-EFA4E090D008}.Release|Any CPU.Build.0 = Release|Any CPU
		{9DB4986D-6295-408B-B702-EFA4E090D008}.Release|x64.ActiveCfg = Release|Any CPU
		{9DB4986D-6295-408B-B702-EFA4E090D008}.Release|x64.Build.0 = Release|Any CPU
		{9DB4986D-6295-408B-B702-EFA4E090D008}.Release|x86.ActiveCfg = Release|Any CPU
		{9DB4986D-6295-408B-B702-EFA4E090D008}.Release|x86.Build.0 = Release|Any CPU
	EndGlobalSection
	GlobalSection(NestedProjects) = preSolution
		{A50AFCB2-BDD3-403F-A923-08273E898F59} = {5071FE38-C82C-4F69-93BD-9F337BD7F2C0}
		{F43F8303-9BD0-49F1-9E2C-D63DF9A2E625} = {49972D51-C329-48F3-8FC8-C8E3176DFA69}
		{65026AB2-90BB-457F-9F24-E63B67A76C0B} = {F43F8303-9BD0-49F1-9E2C-D63DF9A2E625}
		{30150B4A-19AA-493E-BB51-B2FB7C01EB9C} = {49972D51-C329-48F3-8FC8-C8E3176DFA69}
		{01F8E84C-3A88-457C-859E-8761CA5CBEEF} = {30150B4A-19AA-493E-BB51-B2FB7C01EB9C}
		{5071FE38-C82C-4F69-93BD-9F337BD7F2C0} = {49972D51-C329-48F3-8FC8-C8E3176DFA69}
		{9AA6183A-EAFB-4D95-AFB8-E7E6F37E1F57} = {5071FE38-C82C-4F69-93BD-9F337BD7F2C0}
		{A50AFCB1-BDD3-403F-A923-08273E898F59} = {5071FE38-C82C-4F69-93BD-9F337BD7F2C0}
		{3E57B6A8-DBDA-4A37-A5CE-DD36E19D8B94} = {49972D51-C329-48F3-8FC8-C8E3176DFA69}
		{9DB4986D-6295-408B-B702-EFA4E090D008} = {3E57B6A8-DBDA-4A37-A5CE-DD36E19D8B94}
	EndGlobalSection
EndGlobal
